
Microsoft Visual Studio Solution File, Format Version 12.00
# Visual Studio Version 17
VisualStudioVersion = 17.2.32630.192
MinimumVisualStudioVersion = 10.0.40219.1
Project("{FAE04EC0-301F-11D3-BF4B-00C04F79EFBC}") = "Linq.Practica.UI", "Linq.Practica.UI\Linq.Practica.UI.csproj", "{DE2B1AE6-F174-4E4B-A423-58391CD543E3}"
EndProject
Project("{FAE04EC0-301F-11D3-BF4B-00C04F79EFBC}") = "Linq.Practica.Data", "Linq.Practica.Data\Linq.Practica.Data.csproj", "{60913205-3416-4E43-9542-7C706839D6DE}"
EndProject
Project("{FAE04EC0-301F-11D3-BF4B-00C04F79EFBC}") = "Linq.Practica.Entities", "Linq.Practica.Entities\Linq.Practica.Entities.csproj", "{DE03D5A3-414E-425D-A24D-4048615F31F5}"
EndProject
Project("{FAE04EC0-301F-11D3-BF4B-00C04F79EFBC}") = "Linq.Practica.Logic", "Linq.Practica.Logic\Linq.Practica.Logic.csproj", "{8493A1B7-42D2-4B3D-932B-1B09848CC963}"
EndProject
Global
	GlobalSection(SolutionConfigurationPlatforms) = preSolution
		Debug|Any CPU = Debug|Any CPU
		Release|Any CPU = Release|Any CPU
	EndGlobalSection
	GlobalSection(ProjectConfigurationPlatforms) = postSolution
		{DE2B1AE6-F174-4E4B-A423-58391CD543E3}.Debug|Any CPU.ActiveCfg = Debug|Any CPU
		{DE2B1AE6-F174-4E4B-A423-58391CD543E3}.Debug|Any CPU.Build.0 = Debug|Any CPU
		{DE2B1AE6-F174-4E4B-A423-58391CD543E3}.Release|Any CPU.ActiveCfg = Release|Any CPU
		{DE2B1AE6-F174-4E4B-A423-58391CD543E3}.Release|Any CPU.Build.0 = Release|Any CPU
		{60913205-3416-4E43-9542-7C706839D6DE}.Debug|Any CPU.ActiveCfg = Debug|Any CPU
		{60913205-3416-4E43-9542-7C706839D6DE}.Debug|Any CPU.Build.0 = Debug|Any CPU
		{60913205-3416-4E43-9542-7C706839D6DE}.Release|Any CPU.ActiveCfg = Release|Any CPU
		{60913205-3416-4E43-9542-7C706839D6DE}.Release|Any CPU.Build.0 = Release|Any CPU
		{DE03D5A3-414E-425D-A24D-4048615F31F5}.Debug|Any CPU.ActiveCfg = Debug|Any CPU
		{DE03D5A3-414E-425D-A24D-4048615F31F5}.Debug|Any CPU.Build.0 = Debug|Any CPU
		{DE03D5A3-414E-425D-A24D-4048615F31F5}.Release|Any CPU.ActiveCfg = Release|Any CPU
		{DE03D5A3-414E-425D-A24D-4048615F31F5}.Release|Any CPU.Build.0 = Release|Any CPU
		{8493A1B7-42D2-4B3D-932B-1B09848CC963}.Debug|Any CPU.ActiveCfg = Debug|Any CPU
		{8493A1B7-42D2-4B3D-932B-1B09848CC963}.Debug|Any CPU.Build.0 = Debug|Any CPU
		{8493A1B7-42D2-4B3D-932B-1B09848CC963}.Release|Any CPU.ActiveCfg = Release|Any CPU
		{8493A1B7-42D2-4B3D-932B-1B09848CC963}.Release|Any CPU.Build.0 = Release|Any CPU
	EndGlobalSection
	GlobalSection(SolutionProperties) = preSolution
		HideSolutionNode = FALSE
	EndGlobalSection
	GlobalSection(ExtensibilityGlobals) = postSolution
		SolutionGuid = {D5923D9D-40FC-4610-9F0D-EFE669F2D2BC}
	EndGlobalSection
EndGlobal
